
Microsoft Visual Studio Solution File, Format Version 12.00
# Visual Studio Version 17
VisualStudioVersion = 17.6.33723.286
MinimumVisualStudioVersion = 10.0.40219.1
Project("{FAE04EC0-301F-11D3-BF4B-00C04F79EFBC}") = "ReichhartLogistik.Data", "ReichhartLogistik.Data\ReichhartLogistik.Data.csproj", "{02811968-6204-438F-9342-C5648594BAD3}"
EndProject
Project("{FAE04EC0-301F-11D3-BF4B-00C04F79EFBC}") = "ReichhartLogistik.Web", "ReichhartLogistik.Web\ReichhartLogistik.Web.csproj", "{E82DDF85-2E89-4B82-9400-BECCE1B142AA}"
EndProject
Project("{FAE04EC0-301F-11D3-BF4B-00C04F79EFBC}") = "ReichhartLogistik.Service", "ReichhartLogistik.Service\ReichhartLogistik.Service.csproj", "{581D9E16-38D3-49B4-A7D1-5C3E955AF2D8}"
EndProject
Project("{FAE04EC0-301F-11D3-BF4B-00C04F79EFBC}") = "ReichhartLogistik.Models", "ReichhartLogistik.Model\ReichhartLogistik.Models.csproj", "{18AC97C4-DBC5-4DE1-AFC7-E64548D03FAB}"
EndProject
Project("{FAE04EC0-301F-11D3-BF4B-00C04F79EFBC}") = "ReichhartLogistik.Test", "ReichhartLogistik.Test\ReichhartLogistik.Test.csproj", "{D0E87705-97BB-48CE-BD49-F55201BAD6B2}"
EndProject
Global
	GlobalSection(SolutionConfigurationPlatforms) = preSolution
		Debug|Any CPU = Debug|Any CPU
		Release|Any CPU = Release|Any CPU
	EndGlobalSection
	GlobalSection(ProjectConfigurationPlatforms) = postSolution
		{02811968-6204-438F-9342-C5648594BAD3}.Debug|Any CPU.ActiveCfg = Debug|Any CPU
		{02811968-6204-438F-9342-C5648594BAD3}.Debug|Any CPU.Build.0 = Debug|Any CPU
		{02811968-6204-438F-9342-C5648594BAD3}.Release|Any CPU.ActiveCfg = Release|Any CPU
		{02811968-6204-438F-9342-C5648594BAD3}.Release|Any CPU.Build.0 = Release|Any CPU
		{E82DDF85-2E89-4B82-9400-BECCE1B142AA}.Debug|Any CPU.ActiveCfg = Debug|Any CPU
		{E82DDF85-2E89-4B82-9400-BECCE1B142AA}.Debug|Any CPU.Build.0 = Debug|Any CPU
		{E82DDF85-2E89-4B82-9400-BECCE1B142AA}.Release|Any CPU.ActiveCfg = Release|Any CPU
		{E82DDF85-2E89-4B82-9400-BECCE1B142AA}.Release|Any CPU.Build.0 = Release|Any CPU
		{581D9E16-38D3-49B4-A7D1-5C3E955AF2D8}.Debug|Any CPU.ActiveCfg = Debug|Any CPU
		{581D9E16-38D3-49B4-A7D1-5C3E955AF2D8}.Debug|Any CPU.Build.0 = Debug|Any CPU
		{581D9E16-38D3-49B4-A7D1-5C3E955AF2D8}.Release|Any CPU.ActiveCfg = Release|Any CPU
		{581D9E16-38D3-49B4-A7D1-5C3E955AF2D8}.Release|Any CPU.Build.0 = Release|Any CPU
		{18AC97C4-DBC5-4DE1-AFC7-E64548D03FAB}.Debug|Any CPU.ActiveCfg = Debug|Any CPU
		{18AC97C4-DBC5-4DE1-AFC7-E64548D03FAB}.Debug|Any CPU.Build.0 = Debug|Any CPU
		{18AC97C4-DBC5-4DE1-AFC7-E64548D03FAB}.Release|Any CPU.ActiveCfg = Release|Any CPU
		{18AC97C4-DBC5-4DE1-AFC7-E64548D03FAB}.Release|Any CPU.Build.0 = Release|Any CPU
		{D0E87705-97BB-48CE-BD49-F55201BAD6B2}.Debug|Any CPU.ActiveCfg = Debug|Any CPU
		{D0E87705-97BB-48CE-BD49-F55201BAD6B2}.Debug|Any CPU.Build.0 = Debug|Any CPU
		{D0E87705-97BB-48CE-BD49-F55201BAD6B2}.Release|Any CPU.ActiveCfg = Release|Any CPU
		{D0E87705-97BB-48CE-BD49-F55201BAD6B2}.Release|Any CPU.Build.0 = Release|Any CPU
	EndGlobalSection
	GlobalSection(SolutionProperties) = preSolution
		HideSolutionNode = FALSE
	EndGlobalSection
	GlobalSection(ExtensibilityGlobals) = postSolution
		SolutionGuid = {BE557940-88D2-4967-BCDC-0612DE7A857F}
	EndGlobalSection
EndGlobal
